# This file is automatically @generated by Cargo.
# It is not intended for manual editing.
version = 3

[[package]]
name = "rlox_lib"
version = "0.1.0"
source = "git+https://github.com/dasunpubudumal/rlox_lib.git#b33ec6b6b42d280326df42820791d305bee53712"

[[package]]
name = "rlox_parser"
version = "0.1.0"
dependencies = [
 "rlox_lib",
]
